
Microsoft Visual Studio Solution File, Format Version 12.00
# Visual Studio 2012
Project("{FAE04EC0-301F-11D3-BF4B-00C04F79EFBC}") = "DrawPad", "DrawPad\DrawPad.csproj", "{95948142-4891-4C12-BCFF-B0CD63C35057}"
EndProject
Project("{FAE04EC0-301F-11D3-BF4B-00C04F79EFBC}") = "DrawPadTest", "DrawPadTest\DrawPadTest.csproj", "{0B820EE0-2A71-4A75-B06D-6E9A1B984364}"
EndProject
Global
	GlobalSection(SolutionConfigurationPlatforms) = preSolution
		Debug|Any CPU = Debug|Any CPU
		Release|Any CPU = Release|Any CPU
	EndGlobalSection
	GlobalSection(ProjectConfigurationPlatforms) = postSolution
		{95948142-4891-4C12-BCFF-B0CD63C35057}.Debug|Any CPU.ActiveCfg = Debug|Any CPU
		{95948142-4891-4C12-BCFF-B0CD63C35057}.Debug|Any CPU.Build.0 = Debug|Any CPU
		{95948142-4891-4C12-BCFF-B0CD63C35057}.Release|Any CPU.ActiveCfg = Release|Any CPU
		{95948142-4891-4C12-BCFF-B0CD63C35057}.Release|Any CPU.Build.0 = Release|Any CPU
		{0B820EE0-2A71-4A75-B06D-6E9A1B984364}.Debug|Any CPU.ActiveCfg = Debug|Any CPU
		{0B820EE0-2A71-4A75-B06D-6E9A1B984364}.Debug|Any CPU.Build.0 = Debug|Any CPU
		{0B820EE0-2A71-4A75-B06D-6E9A1B984364}.Release|Any CPU.ActiveCfg = Release|Any CPU
		{0B820EE0-2A71-4A75-B06D-6E9A1B984364}.Release|Any CPU.Build.0 = Release|Any CPU
	EndGlobalSection
	GlobalSection(SolutionProperties) = preSolution
		HideSolutionNode = FALSE
	EndGlobalSection
EndGlobal
